
Microsoft Visual Studio Solution File, Format Version 12.00
# Visual Studio Version 17
VisualStudioVersion = 17.8.34511.84
MinimumVisualStudioVersion = 10.0.40219.1
Project("{9A19103F-16F7-4668-BE54-9A1E7A4F7556}") = "MyStore", "MyStore\MyStore.csproj", "{74CCED03-1F3B-4D2D-A186-C1C32885431E}"
EndProject
Global
	GlobalSection(SolutionConfigurationPlatforms) = preSolution
		Debug|Any CPU = Debug|Any CPU
		Release|Any CPU = Release|Any CPU
	EndGlobalSection
	GlobalSection(ProjectConfigurationPlatforms) = postSolution
		{74CCED03-1F3B-4D2D-A186-C1C32885431E}.Debug|Any CPU.ActiveCfg = Debug|Any CPU
		{74CCED03-1F3B-4D2D-A186-C1C32885431E}.Debug|Any CPU.Build.0 = Debug|Any CPU
		{74CCED03-1F3B-4D2D-A186-C1C32885431E}.Release|Any CPU.ActiveCfg = Release|Any CPU
		{74CCED03-1F3B-4D2D-A186-C1C32885431E}.Release|Any CPU.Build.0 = Release|Any CPU
	EndGlobalSection
	GlobalSection(SolutionProperties) = preSolution
		HideSolutionNode = FALSE
	EndGlobalSection
	GlobalSection(ExtensibilityGlobals) = postSolution
		SolutionGuid = {9E749E9B-F4C8-48A1-B549-23D1CB2C7E1B}
	EndGlobalSection
EndGlobal
